
Microsoft Visual Studio Solution File, Format Version 12.00
# Visual Studio Version 17
VisualStudioVersion = 17.2.32630.192
MinimumVisualStudioVersion = 10.0.40219.1
Project("{FAE04EC0-301F-11D3-BF4B-00C04F79EFBC}") = "CommSchool_ 1", "CommSchool_ 1.csproj", "{D50D64D6-2A6E-48F0-964F-DB2F28BD1410}"
EndProject
Global
	GlobalSection(SolutionConfigurationPlatforms) = preSolution
		Debug|Any CPU = Debug|Any CPU
		Release|Any CPU = Release|Any CPU
	EndGlobalSection
	GlobalSection(ProjectConfigurationPlatforms) = postSolution
		{D50D64D6-2A6E-48F0-964F-DB2F28BD1410}.Debug|Any CPU.ActiveCfg = Debug|Any CPU
		{D50D64D6-2A6E-48F0-964F-DB2F28BD1410}.Debug|Any CPU.Build.0 = Debug|Any CPU
		{D50D64D6-2A6E-48F0-964F-DB2F28BD1410}.Release|Any CPU.ActiveCfg = Release|Any CPU
		{D50D64D6-2A6E-48F0-964F-DB2F28BD1410}.Release|Any CPU.Build.0 = Release|Any CPU
	EndGlobalSection
	GlobalSection(SolutionProperties) = preSolution
		HideSolutionNode = FALSE
	EndGlobalSection
	GlobalSection(ExtensibilityGlobals) = postSolution
		SolutionGuid = {1F6D6531-84E4-4D98-876B-6BB89909392A}
	EndGlobalSection
EndGlobal
